{
  "version": 4,
  "terraform_version": "1.7.0",
  "serial": 6,
  "lineage": "e0b2d0f0-91fc-37cd-a2eb-5b34d9c69c79",
  "outputs": {},
  "resources": [
    {
      "mode": "managed",
      "type": "docker_image",
      "name": "docker_and_ansible",
      "provider": "provider[\"registry.terraform.io/kreuzwerker/docker\"]",
      "instances": [
        {
          "schema_version": 0,
          "attributes": {
            "build": [
              {
                "auth_config": [],
                "build_arg": null,
                "build_args": null,
                "build_id": "",
                "cache_from": [],
                "cgroup_parent": "",
                "context": "//home/terraform/Docker/Dockerfile",
                "cpu_period": null,
                "cpu_quota": null,
                "cpu_set_cpus": "2",
                "cpu_set_mems": "",
                "cpu_shares": null,
                "dockerfile": "Dockerfile",
                "extra_hosts": [],
                "force_remove": null,
                "isolation": "",
                "label": null,
                "labels": null,
                "memory": 2048,
                "memory_swap": 1024,
                "network_mode": "",
                "no_cache": null,
                "platform": "",
                "pull_parent": null,
                "remote_context": "",
                "remove": true,
                "security_opt": [],
                "session_id": "",
                "shm_size": null,
                "squash": null,
                "suppress_output": null,
                "tag": [
                  "joao219:docker_and_ansible"
                ],
                "target": "",
                "ulimit": [],
                "version": ""
              }
            ],
            "force_remove": null,
            "id": "sha256:11b8d71004dce805cd4ed0d76825c73d0a4006b29c1ee7a87b93d6fd08ee1ac2docker_and_ansible",
            "image_id": "sha256:11b8d71004dce805cd4ed0d76825c73d0a4006b29c1ee7a87b93d6fd08ee1ac2",
            "keep_locally": null,
            "name": "docker_and_ansible",
            "platform": null,
            "pull_triggers": null,
            "repo_digest": "joao219/dockerandansible@sha256:10f9b07302cef5b9929055c135e950261e3762d045f0ab497c39f72d0e1e6cd4",
            "triggers": null
          },
          "sensitive_attributes": [],
          "private": "bnVsbA=="
        }
      ]
    }
  ],
  "check_results": null
}
