{
  "version": 4,
  "terraform_version": "1.7.2",
  "serial": 538,
  "lineage": "7a0ea584-9d9e-33d2-fda9-8c42f385d8ef",
  "outputs": {
    "public_ip": {
      "value": "18.218.57.16",
      "type": "string"
    },
    "subnet_id": {
      "value": "subnet-0b44e6f8ea32cf5f5",
      "type": "string"
    }
  },
  "resources": [
    {
      "mode": "managed",
      "type": "aws_eip",
      "name": "aws_eip",
      "provider": "provider[\"registry.terraform.io/hashicorp/aws\"]",
      "instances": [
        {
          "schema_version": 0,
          "attributes": {
            "address": null,
            "allocation_id": "eipalloc-03f352926b3c0e567",
            "associate_with_private_ip": null,
            "association_id": "",
            "carrier_ip": "",
            "customer_owned_ip": "",
            "customer_owned_ipv4_pool": "",
            "domain": "vpc",
            "id": "eipalloc-03f352926b3c0e567",
            "instance": "",
            "network_border_group": "us-east-2",
            "network_interface": "",
            "private_dns": null,
            "private_ip": "",
            "public_dns": "ec2-3-22-123-238.us-east-2.compute.amazonaws.com",
            "public_ip": "3.22.123.238",
            "public_ipv4_pool": "amazon",
            "tags": null,
            "tags_all": {},
            "timeouts": null,
            "vpc": true
          },
          "sensitive_attributes": [],
          "private": "eyJlMmJmYjczMC1lY2FhLTExZTYtOGY4OC0zNDM2M2JjN2M0YzAiOnsiZGVsZXRlIjoxODAwMDAwMDAwMDAsInJlYWQiOjkwMDAwMDAwMDAwMCwidXBkYXRlIjozMDAwMDAwMDAwMDB9fQ=="
        }
      ]
    },
    {
      "mode": "managed",
      "type": "aws_eip_association",
      "name": "aws_eip_association",
      "provider": "provider[\"registry.terraform.io/hashicorp/aws\"]",
      "instances": [
        {
          "schema_version": 0,
          "attributes": {
            "allocation_id": "eipalloc-0111bcf764ff47928",
            "allow_reassociation": true,
            "id": "eipassoc-0fabb00a74e41f287",
            "instance_id": "i-035f2442f7255a43a",
            "network_interface_id": "eni-0f3ad1e7ea688976e",
            "private_ip_address": "172.31.29.88",
            "public_ip": "3.141.203.83"
          },
          "sensitive_attributes": [],
          "private": "bnVsbA==",
          "dependencies": [
            "aws_instance.teste_servidor",
            "aws_key_pair.deployer"
          ]
        }
      ]
    },
    {
      "mode": "managed",
      "type": "aws_instance",
      "name": "teste_servidor",
      "provider": "provider[\"registry.terraform.io/hashicorp/aws\"]",
      "instances": [
        {
          "schema_version": 1,
          "attributes": {
            "ami": "ami-05fb0b8c1424f266b",
            "arn": "arn:aws:ec2:us-east-2:084207607639:instance/i-035f2442f7255a43a",
            "associate_public_ip_address": true,
            "availability_zone": "us-east-2b",
            "capacity_reservation_specification": [
              {
                "capacity_reservation_preference": "open",
                "capacity_reservation_target": []
              }
            ],
            "cpu_core_count": 1,
            "cpu_options": [
              {
                "amd_sev_snp": "",
                "core_count": 1,
                "threads_per_core": 1
              }
            ],
            "cpu_threads_per_core": 1,
            "credit_specification": [
              {
                "cpu_credits": "standard"
              }
            ],
            "disable_api_stop": false,
            "disable_api_termination": false,
            "ebs_block_device": [],
            "ebs_optimized": false,
            "enclave_options": [
              {
                "enabled": false
              }
            ],
            "ephemeral_block_device": [],
            "get_password_data": false,
            "hibernation": false,
            "host_id": "",
            "host_resource_group_arn": null,
            "iam_instance_profile": "",
            "id": "i-035f2442f7255a43a",
            "instance_initiated_shutdown_behavior": "stop",
            "instance_lifecycle": "",
            "instance_market_options": [],
            "instance_state": "running",
            "instance_type": "t2.nano",
            "ipv6_address_count": 0,
            "ipv6_addresses": [],
            "key_name": "aws_key",
            "launch_template": [],
            "maintenance_options": [
              {
                "auto_recovery": "default"
              }
            ],
            "metadata_options": [
              {
                "http_endpoint": "enabled",
                "http_put_response_hop_limit": 1,
                "http_tokens": "optional",
                "instance_metadata_tags": "disabled"
              }
            ],
            "monitoring": false,
            "network_interface": [],
            "outpost_arn": "",
            "password_data": "",
            "placement_group": "",
            "placement_partition_number": 0,
            "primary_network_interface_id": "eni-0f3ad1e7ea688976e",
            "private_dns": "ip-172-31-29-88.us-east-2.compute.internal",
            "private_dns_name_options": [
              {
                "enable_resource_name_dns_a_record": false,
                "enable_resource_name_dns_aaaa_record": false,
                "hostname_type": "ip-name"
              }
            ],
            "private_ip": "172.31.29.88",
            "public_dns": "ec2-18-218-57-16.us-east-2.compute.amazonaws.com",
            "public_ip": "18.218.57.16",
            "root_block_device": [
              {
                "delete_on_termination": true,
                "device_name": "/dev/sda1",
                "encrypted": false,
                "iops": 100,
                "kms_key_id": "",
                "tags": {},
                "throughput": 0,
                "volume_id": "vol-0a6c9df1e4a75f9d3",
                "volume_size": 8,
                "volume_type": "gp2"
              }
            ],
            "secondary_private_ips": [],
            "security_groups": [
              "launch-wizard-2"
            ],
            "source_dest_check": true,
            "spot_instance_request_id": "",
            "subnet_id": "subnet-0b44e6f8ea32cf5f5",
            "tags": {
              "Name": "UbuntuTeste"
            },
            "tags_all": {
              "Name": "UbuntuTeste"
            },
            "tenancy": "default",
            "timeouts": {
              "create": "10m",
              "delete": null,
              "update": null
            },
            "user_data": null,
            "user_data_base64": null,
            "user_data_replace_on_change": true,
            "volume_tags": null,
            "vpc_security_group_ids": [
              "sg-04f803cf48c274f87"
            ]
          },
          "sensitive_attributes": [],
          "private": "eyJlMmJmYjczMC1lY2FhLTExZTYtOGY4OC0zNDM2M2JjN2M0YzAiOnsiY3JlYXRlIjo2MDAwMDAwMDAwMDAsImRlbGV0ZSI6MTIwMDAwMDAwMDAwMCwidXBkYXRlIjo2MDAwMDAwMDAwMDB9LCJzY2hlbWFfdmVyc2lvbiI6IjEifQ==",
          "dependencies": [
            "aws_key_pair.deployer"
          ]
        }
      ]
    },
    {
      "mode": "managed",
      "type": "aws_key_pair",
      "name": "deployer",
      "provider": "provider[\"registry.terraform.io/hashicorp/aws\"]",
      "instances": [
        {
          "schema_version": 1,
          "attributes": {
            "arn": "arn:aws:ec2:us-east-2:084207607639:key-pair/aws_key",
            "fingerprint": "70:a2:2b:e3:a5:c5:da:82:84:e0:66:c5:f9:ed:18:f5",
            "id": "aws_key",
            "key_name": "aws_key",
            "key_name_prefix": "",
            "key_pair_id": "key-0061bffc9e5a0b6f2",
            "key_type": "rsa",
            "public_key": "ssh-rsa AAAAB3NzaC1yc2EAAAADAQABAAABAQC9RNzZ+TK0i++Ya04dKVrl7w6Thxh6kD9DABLIw+MBjXGgdh3/dmfsEkOyfv3VfOg4wIlvg/dZibvm7SM336BvK67ih+qQlqE76ZfRt0og0r7W0lWaWbr6ToPe+yx5J4sIdhj8PGTjgqysSyb0xB39GTkaGFz27PnXOMD8irWd+sJkHXhYlyRRKvabnYSV7Qc3p1kndIkG9evBWFKWeFK8XNgOiW11zQaVbJXn7biDD0xfm46Yqh9H9NJGFpTlHDVyzIwRaxFf3J7uqZ0brE7ScoB3Q9wHDT3QKraZQJs/Mr23sfUVVqIqMYsaxFY4loJaz4AxpddJx8tcsp3rRSrJ souza@UBN-LNX",
            "tags": null,
            "tags_all": {}
          },
          "sensitive_attributes": [],
          "private": "eyJzY2hlbWFfdmVyc2lvbiI6IjEifQ=="
        }
      ]
    },
    {
      "mode": "managed",
      "type": "null_resource",
      "name": "exec_python",
      "provider": "provider[\"registry.terraform.io/hashicorp/null\"]",
      "instances": [
        {
          "status": "tainted",
          "schema_version": 0,
          "attributes": {
            "id": "7305464186413700371",
            "triggers": null
          },
          "sensitive_attributes": []
        }
      ]
    }
  ],
  "check_results": null
}
