{
  "version": 4,
  "terraform_version": "1.7.0",
  "serial": 435,
  "lineage": "7a0ea584-9d9e-33d2-fda9-8c42f385d8ef",
  "outputs": {
    "public_ip": {
      "value": "3.138.135.96",
      "type": "string"
    },
    "user_data": {
      "value": "b2d2efc809c493dd80f2484927f93b58241bedbc",
      "type": "string"
    }
  },
  "resources": [
    {
      "mode": "managed",
      "type": "aws_eip",
      "name": "elastic_ip",
      "provider": "provider[\"registry.terraform.io/hashicorp/aws\"]",
      "instances": [
        {
          "schema_version": 0,
          "attributes": {
            "address": null,
            "allocation_id": "eipalloc-0743494f6c267d763",
            "associate_with_private_ip": null,
            "association_id": "eipassoc-092ed9b2ce278c8c3",
            "carrier_ip": "",
            "customer_owned_ip": "",
            "customer_owned_ipv4_pool": "",
            "domain": "vpc",
            "id": "eipalloc-0743494f6c267d763",
            "instance": "i-0b16f081b5c99f80e",
            "network_border_group": "us-east-2",
            "network_interface": "eni-02dad2f83d5188928",
            "private_dns": "ip-172-31-6-91.us-east-2.compute.internal",
            "private_ip": "172.31.6.91",
            "public_dns": "ec2-18-219-138-181.us-east-2.compute.amazonaws.com",
            "public_ip": "18.219.138.181",
            "public_ipv4_pool": "amazon",
            "tags": {},
            "tags_all": {},
            "timeouts": null,
            "vpc": true
          },
          "sensitive_attributes": [],
          "private": "eyJlMmJmYjczMC1lY2FhLTExZTYtOGY4OC0zNDM2M2JjN2M0YzAiOnsiZGVsZXRlIjoxODAwMDAwMDAwMDAsInJlYWQiOjkwMDAwMDAwMDAwMCwidXBkYXRlIjozMDAwMDAwMDAwMDB9fQ==",
          "dependencies": [
            "aws_instance.teste_servidor",
            "aws_key_pair.key_pair"
          ]
        }
      ]
    },
    {
      "mode": "managed",
      "type": "aws_instance",
      "name": "teste_servidor",
      "provider": "provider[\"registry.terraform.io/hashicorp/aws\"]",
      "instances": [
        {
          "schema_version": 1,
          "attributes": {
            "ami": "ami-05fb0b8c1424f266b",
            "arn": "arn:aws:ec2:us-east-2:084207607639:instance/i-0b16f081b5c99f80e",
            "associate_public_ip_address": true,
            "availability_zone": "us-east-2a",
            "capacity_reservation_specification": [
              {
                "capacity_reservation_preference": "open",
                "capacity_reservation_target": []
              }
            ],
            "cpu_core_count": 1,
            "cpu_options": [
              {
                "amd_sev_snp": "",
                "core_count": 1,
                "threads_per_core": 1
              }
            ],
            "cpu_threads_per_core": 1,
            "credit_specification": [
              {
                "cpu_credits": "standard"
              }
            ],
            "disable_api_stop": false,
            "disable_api_termination": false,
            "ebs_block_device": [],
            "ebs_optimized": false,
            "enclave_options": [
              {
                "enabled": false
              }
            ],
            "ephemeral_block_device": [],
            "get_password_data": false,
            "hibernation": false,
            "host_id": "",
            "host_resource_group_arn": null,
            "iam_instance_profile": "",
            "id": "i-0b16f081b5c99f80e",
            "instance_initiated_shutdown_behavior": "stop",
            "instance_lifecycle": "",
            "instance_market_options": [],
            "instance_state": "running",
            "instance_type": "t2.nano",
            "ipv6_address_count": 0,
            "ipv6_addresses": [],
            "key_name": "aws-key",
            "launch_template": [],
            "maintenance_options": [
              {
                "auto_recovery": "default"
              }
            ],
            "metadata_options": [
              {
                "http_endpoint": "enabled",
                "http_protocol_ipv6": "disabled",
                "http_put_response_hop_limit": 1,
                "http_tokens": "optional",
                "instance_metadata_tags": "disabled"
              }
            ],
            "monitoring": false,
            "network_interface": [],
            "outpost_arn": "",
            "password_data": "",
            "placement_group": "",
            "placement_partition_number": 0,
            "primary_network_interface_id": "eni-02dad2f83d5188928",
            "private_dns": "ip-172-31-6-91.us-east-2.compute.internal",
            "private_dns_name_options": [
              {
                "enable_resource_name_dns_a_record": false,
                "enable_resource_name_dns_aaaa_record": false,
                "hostname_type": "ip-name"
              }
            ],
            "private_ip": "172.31.6.91",
            "public_dns": "ec2-3-138-135-96.us-east-2.compute.amazonaws.com",
            "public_ip": "3.138.135.96",
            "root_block_device": [
              {
                "delete_on_termination": true,
                "device_name": "/dev/sda1",
                "encrypted": false,
                "iops": 100,
                "kms_key_id": "",
                "tags": {},
                "throughput": 0,
                "volume_id": "vol-0454b5498835f72b4",
                "volume_size": 8,
                "volume_type": "gp2"
              }
            ],
            "secondary_private_ips": [],
            "security_groups": [
              "launch-wizard-2"
            ],
            "source_dest_check": true,
            "spot_instance_request_id": "",
            "subnet_id": "subnet-05c68b99b7e50549c",
            "tags": {
              "Name": "UbuntuTeste"
            },
            "tags_all": {
              "Name": "UbuntuTeste"
            },
            "tenancy": "default",
            "timeouts": null,
            "user_data": "b2d2efc809c493dd80f2484927f93b58241bedbc",
            "user_data_base64": null,
            "user_data_replace_on_change": true,
            "volume_tags": null,
            "vpc_security_group_ids": [
              "sg-04f803cf48c274f87"
            ]
          },
          "sensitive_attributes": [],
          "private": "eyJlMmJmYjczMC1lY2FhLTExZTYtOGY4OC0zNDM2M2JjN2M0YzAiOnsiY3JlYXRlIjo2MDAwMDAwMDAwMDAsImRlbGV0ZSI6MTIwMDAwMDAwMDAwMCwidXBkYXRlIjo2MDAwMDAwMDAwMDB9LCJzY2hlbWFfdmVyc2lvbiI6IjEifQ==",
          "dependencies": [
            "aws_key_pair.key_pair"
          ]
        }
      ]
    },
    {
      "mode": "managed",
      "type": "aws_key_pair",
      "name": "key_pair",
      "provider": "provider[\"registry.terraform.io/hashicorp/aws\"]",
      "instances": [
        {
          "schema_version": 1,
          "attributes": {
            "arn": "arn:aws:ec2:us-east-2:084207607639:key-pair/aws-key",
            "fingerprint": "f0:22:ca:60:68:c9:d1:28:53:b1:36:58:bd:89:c9:f2",
            "id": "aws-key",
            "key_name": "aws-key",
            "key_name_prefix": "",
            "key_pair_id": "key-0ac7931e8a99330c5",
            "key_type": "rsa",
            "public_key": "ssh-rsa AAAAB3NzaC1yc2EAAAADAQABAAABAQCmY8g16Xbc1v9wqLi6V0SPiV2eAEIMeJbi1WEI2NfI/j8rC3IjirsmL7Kvvjqv5RqKoZyStFpSeGYwO8550u+OQiKYUpouuo6RptYKlw00953dAXY3CVuDbYKk2DFcuUzNY6BzHdS2m8wDwPuCiE3d1Ts+Wxtg0T+J6JmFNpFJnI9J1Ryfro3S7pP3qToL81I0hCeR7KtqVDG0DHAHGAMcuHJsQUx9mrHA9J6v6VNmS4XCyZHfEObnhUx3E3eD7fcHDqyZKUTEBPxgSUWNB/tN3KU9CX03lt+/BnZljQeC+wXjm5Hj1QwOtaR5fuJO6DQWduWnC5ozfFGeLRsX6FZL souza@UBN-LNX",
            "tags": {},
            "tags_all": {}
          },
          "sensitive_attributes": [],
          "private": "eyJzY2hlbWFfdmVyc2lvbiI6IjEifQ=="
        }
      ]
    },
    {
      "mode": "managed",
      "type": "tls_private_key",
      "name": "t",
      "provider": "provider[\"registry.terraform.io/hashicorp/tls\"]",
      "instances": [
        {
          "schema_version": 1,
          "attributes": {
            "algorithm": "RSA",
            "ecdsa_curve": "P224",
            "id": "79a7dd1df0ae18718cb6266fe85d798a5ae18408",
            "private_key_openssh": "-----BEGIN OPENSSH PRIVATE KEY-----\nb3BlbnNzaC1rZXktdjEAAAAABG5vbmUAAAAEbm9uZQAAAAAAAAABAAABFwAAAAdz\nc2gtcnNhAAAAAwEAAQAAAQEAzFrVaE/m3tgE2+mhBjKrRqHeB0abjoJrAUXqxFpt\ngutkeCCB6lfH/XzfieXKBezbJ/z4KrkPa8n1mCM9fJp+lVA+4ExoyIQLd7x6OKN2\nlYTq2luQTKsL8XqHoAzCmB/EfcIH3M+74gui3SKk1btn/nFU83NNKFxQgEJP4Qwn\nAmxJ2rduZ+cugO1SSB807i1tJvFPjKcxVuRGuvnBY01/WNPksnblKlBkgrr5FYfR\npTzyBRHFXX4wze4pvhJuaG8D7Y2N+TiRWTLmfGaL7JhC1fx9Xx1+Lzjw26zoH2dq\n5a/lzhQlflMB3+ysEaf1EGpurHVpivvOHtC3T4l98Zrs1QAAA7ip/ohSqf6IUgAA\nAAdzc2gtcnNhAAABAQDMWtVoT+be2ATb6aEGMqtGod4HRpuOgmsBRerEWm2C62R4\nIIHqV8f9fN+J5coF7Nsn/PgquQ9ryfWYIz18mn6VUD7gTGjIhAt3vHo4o3aVhOra\nW5BMqwvxeoegDMKYH8R9wgfcz7viC6LdIqTVu2f+cVTzc00oXFCAQk/hDCcCbEna\nt25n5y6A7VJIHzTuLW0m8U+MpzFW5Ea6+cFjTX9Y0+SyduUqUGSCuvkVh9GlPPIF\nEcVdfjDN7im+Em5obwPtjY35OJFZMuZ8ZovsmELV/H1fHX4vOPDbrOgfZ2rlr+XO\nFCV+UwHf7KwRp/UQam6sdWmK+84e0LdPiX3xmuzVAAAAAwEAAQAAAQB3PdVivaTo\niUIklCmqdSxt1Yu50SB5wm3v2z1G/8EA8Ju6YLWN6VS/+/pv+46rcG7c4YZpX3y5\nF6pf8MgzCe8s7xsRRGSsBCiw4GCs5e0PB/UGHwGPSwt4B1hWMrvlijvcabiuxuRJ\n3SJWSJ3IPUdMOBMqzy/JijxK6uazWaT1ivE580DYvfmMWOYk7sXeJ16jw1YsOQX4\ng/1Y02aldc5NgChqVBMQZquHSyh5EobYVneHRZahK1Jjm/Uu/5/PP31zzqmJGWvD\nvqCY/6aDG2y47QM9RBHtzZuIHp0d48pKYBOCWUPiZtZZByo2OwD/ngPz0NTyj3lG\n45DCG4Cf5gkNAAAAgEUgLPHOp/+wmvOkeKidy3HEmHztwK0miDpccvKRYso4iF6X\nrpZ7BVZ69VCjvCDQfO/v7QkiTPHj+qFbYksjqFqVOUCQHrLrSoPsQNrKIoSJj7nx\nIfTGHOGhjuTZuhFkOXZKTyB7KS0aYgYnXeQlIzvlOnMGAvBteNwPZQDLzPrKAAAA\ngQDwOMd12m51ZhM5J4K8/99Dgrv9h8JyP0+NizVseq/JTkY2xDt8+DIKQNlqHa1O\nWCCt+M0cvgVwZiqoMvh+qZmmqfH9zDOD+q+iPKFyl6JwqbNkctHiVOxwCjtjTTXR\nD70K6JH4NPXY7RmH3yHERCXHZXC5OaoaGdbA/ecPIFAMAwAAAIEA2cb3ryfI+THd\nP3eeYmivDUh7Yl6oQTNZep9BxJXX+VMOp21Vx7+NeSAacuyBr4Z1iU2XWucaGI61\nlUWijNR+lkWAXJIIF6aRiWeUa7AVqtWddzEGR8rMOR+DK5u6lkDNTpl0gWI41oBa\nolf9wDUkb6zLZKDYe3ug9nLBrx8CiEcAAAAAAQID\n-----END OPENSSH PRIVATE KEY-----\n",
            "private_key_pem": "-----BEGIN RSA PRIVATE KEY-----\nMIIEowIBAAKCAQEAzFrVaE/m3tgE2+mhBjKrRqHeB0abjoJrAUXqxFptgutkeCCB\n6lfH/XzfieXKBezbJ/z4KrkPa8n1mCM9fJp+lVA+4ExoyIQLd7x6OKN2lYTq2luQ\nTKsL8XqHoAzCmB/EfcIH3M+74gui3SKk1btn/nFU83NNKFxQgEJP4QwnAmxJ2rdu\nZ+cugO1SSB807i1tJvFPjKcxVuRGuvnBY01/WNPksnblKlBkgrr5FYfRpTzyBRHF\nXX4wze4pvhJuaG8D7Y2N+TiRWTLmfGaL7JhC1fx9Xx1+Lzjw26zoH2dq5a/lzhQl\nflMB3+ysEaf1EGpurHVpivvOHtC3T4l98Zrs1QIDAQABAoIBAHc91WK9pOiJQiSU\nKap1LG3Vi7nRIHnCbe/bPUb/wQDwm7pgtY3pVL/7+m/7jqtwbtzhhmlffLkXql/w\nyDMJ7yzvGxFEZKwEKLDgYKzl7Q8H9QYfAY9LC3gHWFYyu+WKO9xpuK7G5EndIlZI\nncg9R0w4EyrPL8mKPErq5rNZpPWK8TnzQNi9+YxY5iTuxd4nXqPDViw5BfiD/VjT\nZqV1zk2AKGpUExBmq4dLKHkShthWd4dFlqErUmOb9S7/n88/fXPOqYkZa8O+oJj/\npoMbbLjtAz1EEe3Nm4genR3jykpgE4JZQ+Jm1lkHKjY7AP+eA/PQ1PKPeUbjkMIb\ngJ/mCQ0CgYEA8DjHddpudWYTOSeCvP/fQ4K7/YfCcj9PjYs1bHqvyU5GNsQ7fPgy\nCkDZah2tTlggrfjNHL4FcGYqqDL4fqmZpqnx/cwzg/qvojyhcpeicKmzZHLR4lTs\ncAo7Y0010Q+9CuiR+DT12O0Zh98hxEQlx2VwuTmqGhnWwP3nDyBQDAMCgYEA2cb3\nryfI+THdP3eeYmivDUh7Yl6oQTNZep9BxJXX+VMOp21Vx7+NeSAacuyBr4Z1iU2X\nWucaGI61lUWijNR+lkWAXJIIF6aRiWeUa7AVqtWddzEGR8rMOR+DK5u6lkDNTpl0\ngWI41oBaolf9wDUkb6zLZKDYe3ug9nLBrx8CiEcCgYB8MT6dpXIZ683gbJbg04A/\nzOUX7AoROr4MNX5HOR6MepU+VzFSKJbmSiSdAf7JVDKA/vI7+9mgBJHlJ4TlJxWy\n3oWnatzvTLlkrOfi8JYgnPuL4Pi1hKZAPmn5qr85+GMJsrdUlTzNC7d5UViJuZm2\nfrFKcY+JsvYeDKZaYaBAtQKBgQC8hZZShXFf73+k+osci5zGNfHBpUmoL6iNEyJe\n6IxvJCxyWZ7BbRwuN9FNnVlitlY3Rvj4U0ju61Nb5k0h9q2iroXBHRVuS95/ATCl\nzGflXEiVLtZN/cuuw43MiWILwgs4uHT3sCyd270Z/mwHILnrBr2H3gmpU8tyrMLo\nM0MA7wKBgEUgLPHOp/+wmvOkeKidy3HEmHztwK0miDpccvKRYso4iF6XrpZ7BVZ6\n9VCjvCDQfO/v7QkiTPHj+qFbYksjqFqVOUCQHrLrSoPsQNrKIoSJj7nxIfTGHOGh\njuTZuhFkOXZKTyB7KS0aYgYnXeQlIzvlOnMGAvBteNwPZQDLzPrK\n-----END RSA PRIVATE KEY-----\n",
            "private_key_pem_pkcs8": "-----BEGIN PRIVATE KEY-----\nMIIEvQIBADANBgkqhkiG9w0BAQEFAASCBKcwggSjAgEAAoIBAQDMWtVoT+be2ATb\n6aEGMqtGod4HRpuOgmsBRerEWm2C62R4IIHqV8f9fN+J5coF7Nsn/PgquQ9ryfWY\nIz18mn6VUD7gTGjIhAt3vHo4o3aVhOraW5BMqwvxeoegDMKYH8R9wgfcz7viC6Ld\nIqTVu2f+cVTzc00oXFCAQk/hDCcCbEnat25n5y6A7VJIHzTuLW0m8U+MpzFW5Ea6\n+cFjTX9Y0+SyduUqUGSCuvkVh9GlPPIFEcVdfjDN7im+Em5obwPtjY35OJFZMuZ8\nZovsmELV/H1fHX4vOPDbrOgfZ2rlr+XOFCV+UwHf7KwRp/UQam6sdWmK+84e0LdP\niX3xmuzVAgMBAAECggEAdz3VYr2k6IlCJJQpqnUsbdWLudEgecJt79s9Rv/BAPCb\numC1jelUv/v6b/uOq3Bu3OGGaV98uReqX/DIMwnvLO8bEURkrAQosOBgrOXtDwf1\nBh8Bj0sLeAdYVjK75Yo73Gm4rsbkSd0iVkidyD1HTDgTKs8vyYo8Surms1mk9Yrx\nOfNA2L35jFjmJO7F3ideo8NWLDkF+IP9WNNmpXXOTYAoalQTEGarh0soeRKG2FZ3\nh0WWoStSY5v1Lv+fzz99c86piRlrw76gmP+mgxtsuO0DPUQR7c2biB6dHePKSmAT\ngllD4mbWWQcqNjsA/54D89DU8o95RuOQwhuAn+YJDQKBgQDwOMd12m51ZhM5J4K8\n/99Dgrv9h8JyP0+NizVseq/JTkY2xDt8+DIKQNlqHa1OWCCt+M0cvgVwZiqoMvh+\nqZmmqfH9zDOD+q+iPKFyl6JwqbNkctHiVOxwCjtjTTXRD70K6JH4NPXY7RmH3yHE\nRCXHZXC5OaoaGdbA/ecPIFAMAwKBgQDZxvevJ8j5Md0/d55iaK8NSHtiXqhBM1l6\nn0HEldf5Uw6nbVXHv415IBpy7IGvhnWJTZda5xoYjrWVRaKM1H6WRYBckggXppGJ\nZ5RrsBWq1Z13MQZHysw5H4Mrm7qWQM1OmXSBYjjWgFqiV/3ANSRvrMtkoNh7e6D2\ncsGvHwKIRwKBgHwxPp2lchnrzeBsluDTgD/M5RfsChE6vgw1fkc5Hox6lT5XMVIo\nluZKJJ0B/slUMoD+8jv72aAEkeUnhOUnFbLehadq3O9MuWSs5+LwliCc+4vg+LWE\npkA+afmqvzn4Ywmyt1SVPM0Lt3lRWIm5mbZ+sUpxj4my9h4MplphoEC1AoGBALyF\nllKFcV/vf6T6ixyLnMY18cGlSagvqI0TIl7ojG8kLHJZnsFtHC430U2dWWK2VjdG\n+PhTSO7rU1vmTSH2raKuhcEdFW5L3n8BMKXMZ+VcSJUu1k39y67DjcyJYgvCCzi4\ndPewLJ3bvRn+bAcguesGvYfeCalTy3KswugzQwDvAoGARSAs8c6n/7Ca86R4qJ3L\nccSYfO3ArSaIOlxy8pFiyjiIXpeulnsFVnr1UKO8INB87+/tCSJM8eP6oVtiSyOo\nWpU5QJAesutKg+xA2soihImPufEh9MYc4aGO5Nm6EWQ5dkpPIHspLRpiBidd5CUj\nO+U6cwYC8G143A9lAMvM+so=\n-----END PRIVATE KEY-----\n",
            "public_key_fingerprint_md5": "00:ea:6a:df:b7:1b:76:6e:ac:c9:c2:fe:56:e4:a3:40",
            "public_key_fingerprint_sha256": "SHA256:Cfo3VOQdJW0xnGIuS3Sb2G59UkhCycS4PaktkW+V3Ys",
            "public_key_openssh": "ssh-rsa AAAAB3NzaC1yc2EAAAADAQABAAABAQDMWtVoT+be2ATb6aEGMqtGod4HRpuOgmsBRerEWm2C62R4IIHqV8f9fN+J5coF7Nsn/PgquQ9ryfWYIz18mn6VUD7gTGjIhAt3vHo4o3aVhOraW5BMqwvxeoegDMKYH8R9wgfcz7viC6LdIqTVu2f+cVTzc00oXFCAQk/hDCcCbEnat25n5y6A7VJIHzTuLW0m8U+MpzFW5Ea6+cFjTX9Y0+SyduUqUGSCuvkVh9GlPPIFEcVdfjDN7im+Em5obwPtjY35OJFZMuZ8ZovsmELV/H1fHX4vOPDbrOgfZ2rlr+XOFCV+UwHf7KwRp/UQam6sdWmK+84e0LdPiX3xmuzV\n",
            "public_key_pem": "-----BEGIN PUBLIC KEY-----\nMIIBIjANBgkqhkiG9w0BAQEFAAOCAQ8AMIIBCgKCAQEAzFrVaE/m3tgE2+mhBjKr\nRqHeB0abjoJrAUXqxFptgutkeCCB6lfH/XzfieXKBezbJ/z4KrkPa8n1mCM9fJp+\nlVA+4ExoyIQLd7x6OKN2lYTq2luQTKsL8XqHoAzCmB/EfcIH3M+74gui3SKk1btn\n/nFU83NNKFxQgEJP4QwnAmxJ2rduZ+cugO1SSB807i1tJvFPjKcxVuRGuvnBY01/\nWNPksnblKlBkgrr5FYfRpTzyBRHFXX4wze4pvhJuaG8D7Y2N+TiRWTLmfGaL7JhC\n1fx9Xx1+Lzjw26zoH2dq5a/lzhQlflMB3+ysEaf1EGpurHVpivvOHtC3T4l98Zrs\n1QIDAQAB\n-----END PUBLIC KEY-----\n",
            "rsa_bits": 2048
          },
          "sensitive_attributes": []
        }
      ]
    }
  ],
  "check_results": null
}
